
Microsoft Visual Studio Solution File, Format Version 12.00
# Visual Studio Version 17
VisualStudioVersion = 17.8.34511.84
MinimumVisualStudioVersion = 10.0.40219.1
Project("{2150E333-8FDC-42A3-9474-1A3956D46DE8}") = "Services", "Services", "{9C02DA2A-26F0-4EDF-BAC2-A2B5B62F49B5}"
EndProject
Project("{2150E333-8FDC-42A3-9474-1A3956D46DE8}") = "Catalog", "Catalog", "{18F769A3-7E1E-43C7-B814-F0CA215FA024}"
EndProject
Project("{9A19103F-16F7-4668-BE54-9A1E7A4F7556}") = "Catalog.API", "Services\Catalog\Catalog.API\Catalog.API.csproj", "{25E4ACFE-FC0D-4E28-B81E-9200A7ABA842}"
EndProject
Project("{2150E333-8FDC-42A3-9474-1A3956D46DE8}") = "BuildingBlocks", "BuildingBlocks", "{9C3E8C73-E7F0-4953-8ED6-23524CA52F60}"
EndProject
Project("{9A19103F-16F7-4668-BE54-9A1E7A4F7556}") = "BuildingBlocks", "BuildingBlocks\BuildingBlocks\BuildingBlocks.csproj", "{6B630F96-A542-43C6-9B68-E1DE3337156F}"
EndProject
Project("{E53339B2-1760-4266-BCC7-CA923CBCF16C}") = "docker-compose", "docker-compose.dcproj", "{E6EE89B4-BB34-423B-949D-164030021B14}"
EndProject
Project("{2150E333-8FDC-42A3-9474-1A3956D46DE8}") = "Basket", "Basket", "{96413229-1981-4172-9127-94687EF1DA41}"
EndProject
Project("{9A19103F-16F7-4668-BE54-9A1E7A4F7556}") = "Basket.API", "Services\Basket\Basket.API\Basket.API.csproj", "{D533AB0E-574B-4928-919C-B8E243836AD8}"
EndProject
Project("{2150E333-8FDC-42A3-9474-1A3956D46DE8}") = "Discount", "Discount", "{D908147D-AF81-4B1E-92C8-5EC266D80A17}"
EndProject
Project("{9A19103F-16F7-4668-BE54-9A1E7A4F7556}") = "Discount.Grpc", "Services\Discount\Discount.Grpc\Discount.Grpc.csproj", "{1341B0C7-A709-41A5-AC4E-59D3A50E0AFE}"
EndProject
Project("{2150E333-8FDC-42A3-9474-1A3956D46DE8}") = "Ordering", "Ordering", "{0801BBFD-56DE-4BA8-AB30-599315370981}"
EndProject
Project("{9A19103F-16F7-4668-BE54-9A1E7A4F7556}") = "Ordering.API", "Services\Ordering\Ordering.API\Ordering.API.csproj", "{2A905324-3F62-442A-9286-0369D9957556}"
EndProject
Project("{9A19103F-16F7-4668-BE54-9A1E7A4F7556}") = "Ordering.Domain", "Services\Ordering\Ordering.Domain\Ordering.Domain.csproj", "{32473449-B244-49DF-8289-9A20E0F1DE76}"
EndProject
Project("{9A19103F-16F7-4668-BE54-9A1E7A4F7556}") = "Ordering.Application", "Services\Ordering\Ordering.Application\Ordering.Application.csproj", "{69E1E3D9-D0BA-401C-8CA7-C86C4BEDD153}"
EndProject
Project("{9A19103F-16F7-4668-BE54-9A1E7A4F7556}") = "Ordering.Infrastructure", "Services\Ordering\Ordering.Infrastructure\Ordering.Infrastructure.csproj", "{1931148A-1A95-4DB8-BAEF-D4B67E59EBB7}"
EndProject
Project("{2150E333-8FDC-42A3-9474-1A3956D46DE8}") = "ApiGateways", "ApiGateways", "{8111A7E7-300B-4C59-A3D5-C256A1E080D0}"
EndProject
Project("{FAE04EC0-301F-11D3-BF4B-00C04F79EFBC}") = "YarpApiGateway", "ApiGateways\YarpApiGateway\YarpApiGateway.csproj", "{9C908D8E-1E6D-4662-B775-3F701AB18D92}"
EndProject
Global
	GlobalSection(SolutionConfigurationPlatforms) = preSolution
		Debug|Any CPU = Debug|Any CPU
		Release|Any CPU = Release|Any CPU
	EndGlobalSection
	GlobalSection(ProjectConfigurationPlatforms) = postSolution
		{25E4ACFE-FC0D-4E28-B81E-9200A7ABA842}.Debug|Any CPU.ActiveCfg = Debug|Any CPU
		{25E4ACFE-FC0D-4E28-B81E-9200A7ABA842}.Debug|Any CPU.Build.0 = Debug|Any CPU
		{25E4ACFE-FC0D-4E28-B81E-9200A7ABA842}.Release|Any CPU.ActiveCfg = Release|Any CPU
		{25E4ACFE-FC0D-4E28-B81E-9200A7ABA842}.Release|Any CPU.Build.0 = Release|Any CPU
		{6B630F96-A542-43C6-9B68-E1DE3337156F}.Debug|Any CPU.ActiveCfg = Debug|Any CPU
		{6B630F96-A542-43C6-9B68-E1DE3337156F}.Debug|Any CPU.Build.0 = Debug|Any CPU
		{6B630F96-A542-43C6-9B68-E1DE3337156F}.Release|Any CPU.ActiveCfg = Release|Any CPU
		{6B630F96-A542-43C6-9B68-E1DE3337156F}.Release|Any CPU.Build.0 = Release|Any CPU
		{E6EE89B4-BB34-423B-949D-164030021B14}.Debug|Any CPU.ActiveCfg = Debug|Any CPU
		{E6EE89B4-BB34-423B-949D-164030021B14}.Debug|Any CPU.Build.0 = Debug|Any CPU
		{E6EE89B4-BB34-423B-949D-164030021B14}.Release|Any CPU.ActiveCfg = Release|Any CPU
		{E6EE89B4-BB34-423B-949D-164030021B14}.Release|Any CPU.Build.0 = Release|Any CPU
		{D533AB0E-574B-4928-919C-B8E243836AD8}.Debug|Any CPU.ActiveCfg = Debug|Any CPU
		{D533AB0E-574B-4928-919C-B8E243836AD8}.Debug|Any CPU.Build.0 = Debug|Any CPU
		{D533AB0E-574B-4928-919C-B8E243836AD8}.Release|Any CPU.ActiveCfg = Release|Any CPU
		{D533AB0E-574B-4928-919C-B8E243836AD8}.Release|Any CPU.Build.0 = Release|Any CPU
		{1341B0C7-A709-41A5-AC4E-59D3A50E0AFE}.Debug|Any CPU.ActiveCfg = Debug|Any CPU
		{1341B0C7-A709-41A5-AC4E-59D3A50E0AFE}.Debug|Any CPU.Build.0 = Debug|Any CPU
		{1341B0C7-A709-41A5-AC4E-59D3A50E0AFE}.Release|Any CPU.ActiveCfg = Release|Any CPU
		{1341B0C7-A709-41A5-AC4E-59D3A50E0AFE}.Release|Any CPU.Build.0 = Release|Any CPU
		{2A905324-3F62-442A-9286-0369D9957556}.Debug|Any CPU.ActiveCfg = Debug|Any CPU
		{2A905324-3F62-442A-9286-0369D9957556}.Debug|Any CPU.Build.0 = Debug|Any CPU
		{2A905324-3F62-442A-9286-0369D9957556}.Release|Any CPU.ActiveCfg = Release|Any CPU
		{2A905324-3F62-442A-9286-0369D9957556}.Release|Any CPU.Build.0 = Release|Any CPU
		{32473449-B244-49DF-8289-9A20E0F1DE76}.Debug|Any CPU.ActiveCfg = Debug|Any CPU
		{32473449-B244-49DF-8289-9A20E0F1DE76}.Debug|Any CPU.Build.0 = Debug|Any CPU
		{32473449-B244-49DF-8289-9A20E0F1DE76}.Release|Any CPU.ActiveCfg = Release|Any CPU
		{32473449-B244-49DF-8289-9A20E0F1DE76}.Release|Any CPU.Build.0 = Release|Any CPU
		{69E1E3D9-D0BA-401C-8CA7-C86C4BEDD153}.Debug|Any CPU.ActiveCfg = Debug|Any CPU
		{69E1E3D9-D0BA-401C-8CA7-C86C4BEDD153}.Debug|Any CPU.Build.0 = Debug|Any CPU
		{69E1E3D9-D0BA-401C-8CA7-C86C4BEDD153}.Release|Any CPU.ActiveCfg = Release|Any CPU
		{69E1E3D9-D0BA-401C-8CA7-C86C4BEDD153}.Release|Any CPU.Build.0 = Release|Any CPU
		{1931148A-1A95-4DB8-BAEF-D4B67E59EBB7}.Debug|Any CPU.ActiveCfg = Debug|Any CPU
		{1931148A-1A95-4DB8-BAEF-D4B67E59EBB7}.Debug|Any CPU.Build.0 = Debug|Any CPU
		{1931148A-1A95-4DB8-BAEF-D4B67E59EBB7}.Release|Any CPU.ActiveCfg = Release|Any CPU
		{1931148A-1A95-4DB8-BAEF-D4B67E59EBB7}.Release|Any CPU.Build.0 = Release|Any CPU
		{9C908D8E-1E6D-4662-B775-3F701AB18D92}.Debug|Any CPU.ActiveCfg = Debug|Any CPU
		{9C908D8E-1E6D-4662-B775-3F701AB18D92}.Debug|Any CPU.Build.0 = Debug|Any CPU
		{9C908D8E-1E6D-4662-B775-3F701AB18D92}.Release|Any CPU.ActiveCfg = Release|Any CPU
		{9C908D8E-1E6D-4662-B775-3F701AB18D92}.Release|Any CPU.Build.0 = Release|Any CPU
	EndGlobalSection
	GlobalSection(SolutionProperties) = preSolution
		HideSolutionNode = FALSE
	EndGlobalSection
	GlobalSection(NestedProjects) = preSolution
		{18F769A3-7E1E-43C7-B814-F0CA215FA024} = {9C02DA2A-26F0-4EDF-BAC2-A2B5B62F49B5}
		{25E4ACFE-FC0D-4E28-B81E-9200A7ABA842} = {18F769A3-7E1E-43C7-B814-F0CA215FA024}
		{6B630F96-A542-43C6-9B68-E1DE3337156F} = {9C3E8C73-E7F0-4953-8ED6-23524CA52F60}
		{96413229-1981-4172-9127-94687EF1DA41} = {9C02DA2A-26F0-4EDF-BAC2-A2B5B62F49B5}
		{D533AB0E-574B-4928-919C-B8E243836AD8} = {96413229-1981-4172-9127-94687EF1DA41}
		{D908147D-AF81-4B1E-92C8-5EC266D80A17} = {9C02DA2A-26F0-4EDF-BAC2-A2B5B62F49B5}
		{1341B0C7-A709-41A5-AC4E-59D3A50E0AFE} = {D908147D-AF81-4B1E-92C8-5EC266D80A17}
		{0801BBFD-56DE-4BA8-AB30-599315370981} = {9C02DA2A-26F0-4EDF-BAC2-A2B5B62F49B5}
		{2A905324-3F62-442A-9286-0369D9957556} = {0801BBFD-56DE-4BA8-AB30-599315370981}
		{32473449-B244-49DF-8289-9A20E0F1DE76} = {0801BBFD-56DE-4BA8-AB30-599315370981}
		{69E1E3D9-D0BA-401C-8CA7-C86C4BEDD153} = {0801BBFD-56DE-4BA8-AB30-599315370981}
		{1931148A-1A95-4DB8-BAEF-D4B67E59EBB7} = {0801BBFD-56DE-4BA8-AB30-599315370981}
		{9C908D8E-1E6D-4662-B775-3F701AB18D92} = {8111A7E7-300B-4C59-A3D5-C256A1E080D0}
	EndGlobalSection
	GlobalSection(ExtensibilityGlobals) = postSolution
		SolutionGuid = {E00C5B29-9F0B-4408-8F0E-EB6DA7D81C99}
	EndGlobalSection
EndGlobal
